
Microsoft Visual Studio Solution File, Format Version 12.00
# Visual Studio Version 17
VisualStudioVersion = 17.14.36202.13
MinimumVisualStudioVersion = 10.0.40219.1
Project("{2150E333-8FDC-42A3-9474-1A3956D46DE8}") = "ConsumerService", "ConsumerService", "{02EA681E-C7D8-13C7-8484-4AC65E1B71E8}"
EndProject
Project("{2150E333-8FDC-42A3-9474-1A3956D46DE8}") = "ProducerService", "ProducerService", "{36F07478-7AB7-4224-BE62-73B76330943F}"
EndProject
Project("{2150E333-8FDC-42A3-9474-1A3956D46DE8}") = "Shared", "Shared", "{59308F3A-E8B2-4EE4-8008-C899A3458505}"
EndProject
Project("{FAE04EC0-301F-11D3-BF4B-00C04F79EFBC}") = "MicroRabbit.Shared.Domain", "src\MicroRabbit.Shared.Domain\MicroRabbit.Shared.Domain.csproj", "{ED539494-64E7-46D6-9767-EB4CD4AE6AA0}"
EndProject
Project("{FAE04EC0-301F-11D3-BF4B-00C04F79EFBC}") = "MicroRabbit.Shared.Infrastructure", "src\MicroRabbit.Shared.Infrastructure\MicroRabbit.Shared.Infrastructure.csproj", "{1E1FCED9-2E5D-4AA4-B36B-F5066379E1C7}"
EndProject
Project("{2150E333-8FDC-42A3-9474-1A3956D46DE8}") = "Banking", "Banking", "{5C697B15-B1D9-4752-85E7-4508AB7D92F6}"
EndProject
Project("{2150E333-8FDC-42A3-9474-1A3956D46DE8}") = "Api", "Api", "{CB690789-431A-43DC-AD2F-87C031B73E2B}"
EndProject
Project("{2150E333-8FDC-42A3-9474-1A3956D46DE8}") = "Application", "Application", "{26607511-DDE0-4F8F-B46B-FB231364BE48}"
EndProject
Project("{2150E333-8FDC-42A3-9474-1A3956D46DE8}") = "Infrastructure", "Infrastructure", "{6960EBEB-E267-4B34-A129-B7A565CD7929}"
EndProject
Project("{2150E333-8FDC-42A3-9474-1A3956D46DE8}") = "Domain", "Domain", "{24C7C8EC-D5B6-4E89-8791-4D69C7DA88EE}"
EndProject
Project("{FAE04EC0-301F-11D3-BF4B-00C04F79EFBC}") = "MicroRabbit.Banking.Api", "src\MicroRabbit.Banking.Api\MicroRabbit.Banking.Api.csproj", "{CFE0F96E-2075-4C7C-A9EB-8907FB5BB809}"
EndProject
Project("{FAE04EC0-301F-11D3-BF4B-00C04F79EFBC}") = "MicroRabbit.Baking.Application", "src\MicroRabbit.Baking.Application\MicroRabbit.Baking.Application.csproj", "{52A136CA-5CC5-46A5-9ED8-D9113202F49E}"
EndProject
Project("{FAE04EC0-301F-11D3-BF4B-00C04F79EFBC}") = "MicroRabbit.Banking.Domain", "src\MicroRabbit.Banking.Domain\MicroRabbit.Banking.Domain.csproj", "{4BCB14C9-8027-4578-8FBA-68906AC71905}"
EndProject
Project("{FAE04EC0-301F-11D3-BF4B-00C04F79EFBC}") = "MicroRabbit.Banking.Persistence", "src\MicroRabbit.Banking.Persistence\MicroRabbit.Banking.Persistence.csproj", "{E29783E1-9F67-4544-A53A-C0271772A18D}"
EndProject
Global
	GlobalSection(SolutionConfigurationPlatforms) = preSolution
		Debug|Any CPU = Debug|Any CPU
		Release|Any CPU = Release|Any CPU
	EndGlobalSection
	GlobalSection(ProjectConfigurationPlatforms) = postSolution
		{ED539494-64E7-46D6-9767-EB4CD4AE6AA0}.Debug|Any CPU.ActiveCfg = Debug|Any CPU
		{ED539494-64E7-46D6-9767-EB4CD4AE6AA0}.Debug|Any CPU.Build.0 = Debug|Any CPU
		{ED539494-64E7-46D6-9767-EB4CD4AE6AA0}.Release|Any CPU.ActiveCfg = Release|Any CPU
		{ED539494-64E7-46D6-9767-EB4CD4AE6AA0}.Release|Any CPU.Build.0 = Release|Any CPU
		{1E1FCED9-2E5D-4AA4-B36B-F5066379E1C7}.Debug|Any CPU.ActiveCfg = Debug|Any CPU
		{1E1FCED9-2E5D-4AA4-B36B-F5066379E1C7}.Debug|Any CPU.Build.0 = Debug|Any CPU
		{1E1FCED9-2E5D-4AA4-B36B-F5066379E1C7}.Release|Any CPU.ActiveCfg = Release|Any CPU
		{1E1FCED9-2E5D-4AA4-B36B-F5066379E1C7}.Release|Any CPU.Build.0 = Release|Any CPU
		{CFE0F96E-2075-4C7C-A9EB-8907FB5BB809}.Debug|Any CPU.ActiveCfg = Debug|Any CPU
		{CFE0F96E-2075-4C7C-A9EB-8907FB5BB809}.Debug|Any CPU.Build.0 = Debug|Any CPU
		{CFE0F96E-2075-4C7C-A9EB-8907FB5BB809}.Release|Any CPU.ActiveCfg = Release|Any CPU
		{CFE0F96E-2075-4C7C-A9EB-8907FB5BB809}.Release|Any CPU.Build.0 = Release|Any CPU
		{52A136CA-5CC5-46A5-9ED8-D9113202F49E}.Debug|Any CPU.ActiveCfg = Debug|Any CPU
		{52A136CA-5CC5-46A5-9ED8-D9113202F49E}.Debug|Any CPU.Build.0 = Debug|Any CPU
		{52A136CA-5CC5-46A5-9ED8-D9113202F49E}.Release|Any CPU.ActiveCfg = Release|Any CPU
		{52A136CA-5CC5-46A5-9ED8-D9113202F49E}.Release|Any CPU.Build.0 = Release|Any CPU
		{4BCB14C9-8027-4578-8FBA-68906AC71905}.Debug|Any CPU.ActiveCfg = Debug|Any CPU
		{4BCB14C9-8027-4578-8FBA-68906AC71905}.Debug|Any CPU.Build.0 = Debug|Any CPU
		{4BCB14C9-8027-4578-8FBA-68906AC71905}.Release|Any CPU.ActiveCfg = Release|Any CPU
		{4BCB14C9-8027-4578-8FBA-68906AC71905}.Release|Any CPU.Build.0 = Release|Any CPU
		{E29783E1-9F67-4544-A53A-C0271772A18D}.Debug|Any CPU.ActiveCfg = Debug|Any CPU
		{E29783E1-9F67-4544-A53A-C0271772A18D}.Debug|Any CPU.Build.0 = Debug|Any CPU
		{E29783E1-9F67-4544-A53A-C0271772A18D}.Release|Any CPU.ActiveCfg = Release|Any CPU
		{E29783E1-9F67-4544-A53A-C0271772A18D}.Release|Any CPU.Build.0 = Release|Any CPU
	EndGlobalSection
	GlobalSection(SolutionProperties) = preSolution
		HideSolutionNode = FALSE
	EndGlobalSection
	GlobalSection(NestedProjects) = preSolution
		{ED539494-64E7-46D6-9767-EB4CD4AE6AA0} = {59308F3A-E8B2-4EE4-8008-C899A3458505}
		{1E1FCED9-2E5D-4AA4-B36B-F5066379E1C7} = {59308F3A-E8B2-4EE4-8008-C899A3458505}
		{5C697B15-B1D9-4752-85E7-4508AB7D92F6} = {36F07478-7AB7-4224-BE62-73B76330943F}
		{CB690789-431A-43DC-AD2F-87C031B73E2B} = {5C697B15-B1D9-4752-85E7-4508AB7D92F6}
		{26607511-DDE0-4F8F-B46B-FB231364BE48} = {5C697B15-B1D9-4752-85E7-4508AB7D92F6}
		{6960EBEB-E267-4B34-A129-B7A565CD7929} = {5C697B15-B1D9-4752-85E7-4508AB7D92F6}
		{24C7C8EC-D5B6-4E89-8791-4D69C7DA88EE} = {5C697B15-B1D9-4752-85E7-4508AB7D92F6}
		{CFE0F96E-2075-4C7C-A9EB-8907FB5BB809} = {CB690789-431A-43DC-AD2F-87C031B73E2B}
		{52A136CA-5CC5-46A5-9ED8-D9113202F49E} = {26607511-DDE0-4F8F-B46B-FB231364BE48}
		{4BCB14C9-8027-4578-8FBA-68906AC71905} = {24C7C8EC-D5B6-4E89-8791-4D69C7DA88EE}
		{E29783E1-9F67-4544-A53A-C0271772A18D} = {6960EBEB-E267-4B34-A129-B7A565CD7929}
	EndGlobalSection
	GlobalSection(ExtensibilityGlobals) = postSolution
		SolutionGuid = {74525BD9-5256-4CEB-84A8-60ABB8C3602D}
	EndGlobalSection
EndGlobal
