
Microsoft Visual Studio Solution File, Format Version 12.00
# Visual Studio Version 17
VisualStudioVersion = 17.14.36202.13
MinimumVisualStudioVersion = 10.0.40219.1
Project("{2150E333-8FDC-42A3-9474-1A3956D46DE8}") = "ConsumerService", "ConsumerService", "{02EA681E-C7D8-13C7-8484-4AC65E1B71E8}"
EndProject
Project("{2150E333-8FDC-42A3-9474-1A3956D46DE8}") = "ProducerService", "ProducerService", "{36F07478-7AB7-4224-BE62-73B76330943F}"
EndProject
Project("{2150E333-8FDC-42A3-9474-1A3956D46DE8}") = "Shared", "Shared", "{59308F3A-E8B2-4EE4-8008-C899A3458505}"
EndProject
Project("{FAE04EC0-301F-11D3-BF4B-00C04F79EFBC}") = "MicroRabbit.Shared.Domain", "src\MicroRabbit.Shared.Domain\MicroRabbit.Shared.Domain.csproj", "{ED539494-64E7-46D6-9767-EB4CD4AE6AA0}"
EndProject
Project("{FAE04EC0-301F-11D3-BF4B-00C04F79EFBC}") = "MicroRabbit.Shared.Infrastructure", "src\MicroRabbit.Shared.Infrastructure\MicroRabbit.Shared.Infrastructure.csproj", "{1E1FCED9-2E5D-4AA4-B36B-F5066379E1C7}"
EndProject
Global
	GlobalSection(SolutionConfigurationPlatforms) = preSolution
		Debug|Any CPU = Debug|Any CPU
		Release|Any CPU = Release|Any CPU
	EndGlobalSection
	GlobalSection(ProjectConfigurationPlatforms) = postSolution
		{ED539494-64E7-46D6-9767-EB4CD4AE6AA0}.Debug|Any CPU.ActiveCfg = Debug|Any CPU
		{ED539494-64E7-46D6-9767-EB4CD4AE6AA0}.Debug|Any CPU.Build.0 = Debug|Any CPU
		{ED539494-64E7-46D6-9767-EB4CD4AE6AA0}.Release|Any CPU.ActiveCfg = Release|Any CPU
		{ED539494-64E7-46D6-9767-EB4CD4AE6AA0}.Release|Any CPU.Build.0 = Release|Any CPU
		{1E1FCED9-2E5D-4AA4-B36B-F5066379E1C7}.Debug|Any CPU.ActiveCfg = Debug|Any CPU
		{1E1FCED9-2E5D-4AA4-B36B-F5066379E1C7}.Debug|Any CPU.Build.0 = Debug|Any CPU
		{1E1FCED9-2E5D-4AA4-B36B-F5066379E1C7}.Release|Any CPU.ActiveCfg = Release|Any CPU
		{1E1FCED9-2E5D-4AA4-B36B-F5066379E1C7}.Release|Any CPU.Build.0 = Release|Any CPU
	EndGlobalSection
	GlobalSection(SolutionProperties) = preSolution
		HideSolutionNode = FALSE
	EndGlobalSection
	GlobalSection(NestedProjects) = preSolution
		{ED539494-64E7-46D6-9767-EB4CD4AE6AA0} = {59308F3A-E8B2-4EE4-8008-C899A3458505}
		{1E1FCED9-2E5D-4AA4-B36B-F5066379E1C7} = {59308F3A-E8B2-4EE4-8008-C899A3458505}
	EndGlobalSection
	GlobalSection(ExtensibilityGlobals) = postSolution
		SolutionGuid = {74525BD9-5256-4CEB-84A8-60ABB8C3602D}
	EndGlobalSection
EndGlobal
